
Microsoft Visual Studio Solution File, Format Version 11.00
# Visual Studio 2010
Project("{FAE04EC0-301F-11D3-BF4B-00C04F79EFBC}") = "SafeGuard", "SafeGuard\SafeGuard.csproj", "{AE5B95D0-6D26-480D-8A0C-12742D37B49B}"
EndProject
Global
	GlobalSection(SolutionConfigurationPlatforms) = preSolution
		Debug|Any CPU = Debug|Any CPU
		Release|Any CPU = Release|Any CPU
	EndGlobalSection
	GlobalSection(ProjectConfigurationPlatforms) = postSolution
		{AE5B95D0-6D26-480D-8A0C-12742D37B49B}.Debug|Any CPU.ActiveCfg = Debug|Any CPU
		{AE5B95D0-6D26-480D-8A0C-12742D37B49B}.Debug|Any CPU.Build.0 = Debug|Any CPU
		{AE5B95D0-6D26-480D-8A0C-12742D37B49B}.Release|Any CPU.ActiveCfg = Release|Any CPU
		{AE5B95D0-6D26-480D-8A0C-12742D37B49B}.Release|Any CPU.Build.0 = Release|Any CPU
	EndGlobalSection
	GlobalSection(SolutionProperties) = preSolution
		HideSolutionNode = FALSE
	EndGlobalSection
EndGlobal
